
Microsoft Visual Studio Solution File, Format Version 12.00
# Visual Studio Version 17
VisualStudioVersion = 17.7.34031.279
MinimumVisualStudioVersion = 10.0.40219.1
Project("{54A90642-561A-4BB1-A94E-469ADEE60C69}") = "fe_mercadona", "FE_Mercadona\fe_mercadona.esproj", "{FE1BF233-DD66-4612-8345-4AD5295605A2}"
EndProject
Project("{2150E333-8FDC-42A3-9474-1A3956D46DE8}") = "Tests", "Tests", "{678F083B-3348-4E70-86B2-E0DC78056DCB}"
EndProject
Global
	GlobalSection(SolutionConfigurationPlatforms) = preSolution
		Debug|Any CPU = Debug|Any CPU
		Release|Any CPU = Release|Any CPU
	EndGlobalSection
	GlobalSection(ProjectConfigurationPlatforms) = postSolution
		{FE1BF233-DD66-4612-8345-4AD5295605A2}.Debug|Any CPU.ActiveCfg = Debug|Any CPU
		{FE1BF233-DD66-4612-8345-4AD5295605A2}.Debug|Any CPU.Build.0 = Debug|Any CPU
		{FE1BF233-DD66-4612-8345-4AD5295605A2}.Debug|Any CPU.Deploy.0 = Debug|Any CPU
		{FE1BF233-DD66-4612-8345-4AD5295605A2}.Release|Any CPU.ActiveCfg = Release|Any CPU
		{FE1BF233-DD66-4612-8345-4AD5295605A2}.Release|Any CPU.Build.0 = Release|Any CPU
		{FE1BF233-DD66-4612-8345-4AD5295605A2}.Release|Any CPU.Deploy.0 = Release|Any CPU
	EndGlobalSection
	GlobalSection(SolutionProperties) = preSolution
		HideSolutionNode = FALSE
	EndGlobalSection
	GlobalSection(ExtensibilityGlobals) = postSolution
		SolutionGuid = {61D49076-1470-45C3-97B0-DDBF84585146}
	EndGlobalSection
EndGlobal
